// !$*UTF8*$!
{
	archiveVersion = 1;
	classes = {
	};
	objectVersion = 46;
	objects = {

/* Begin PBXBuildFile section */
		A059557D1EEC27C6004EBB4D /* EventStruct.swift in Sources */ = {isa = PBXBuildFile; fileRef = A059557C1EEC27C6004EBB4D /* EventStruct.swift */; };
		A06251EC1EE43E35007E5B5E /* AppDelegate.swift in Sources */ = {isa = PBXBuildFile; fileRef = A06251EB1EE43E35007E5B5E /* AppDelegate.swift */; };
		A06251EE1EE43E35007E5B5E /* MainViewController.swift in Sources */ = {isa = PBXBuildFile; fileRef = A06251ED1EE43E35007E5B5E /* MainViewController.swift */; };
		A06251F11EE43E35007E5B5E /* Main.storyboard in Resources */ = {isa = PBXBuildFile; fileRef = A06251EF1EE43E35007E5B5E /* Main.storyboard */; };
		A06251F41EE43E35007E5B5E /* Events.xcdatamodeld in Sources */ = {isa = PBXBuildFile; fileRef = A06251F21EE43E35007E5B5E /* Events.xcdatamodeld */; };
		A06251F61EE43E35007E5B5E /* Assets.xcassets in Resources */ = {isa = PBXBuildFile; fileRef = A06251F51EE43E35007E5B5E /* Assets.xcassets */; };
		A06251F91EE43E35007E5B5E /* LaunchScreen.storyboard in Resources */ = {isa = PBXBuildFile; fileRef = A06251F71EE43E35007E5B5E /* LaunchScreen.storyboard */; };
		A06252011EE45DEB007E5B5E /* AddViewEventController.swift in Sources */ = {isa = PBXBuildFile; fileRef = A06252001EE45DEB007E5B5E /* AddViewEventController.swift */; };
		A06252031EE46BF7007E5B5E /* AVEventControllerDelegate.swift in Sources */ = {isa = PBXBuildFile; fileRef = A06252021EE46BF7007E5B5E /* AVEventControllerDelegate.swift */; };
/* End PBXBuildFile section */

/* Begin PBXFileReference section */
		A059557C1EEC27C6004EBB4D /* EventStruct.swift */ = {isa = PBXFileReference; fileEncoding = 4; lastKnownFileType = sourcecode.swift; path = EventStruct.swift; sourceTree = "<group>"; };
		A06251E81EE43E35007E5B5E /* Events.app */ = {isa = PBXFileReference; explicitFileType = wrapper.application; includeInIndex = 0; path = Events.app; sourceTree = BUILT_PRODUCTS_DIR; };
		A06251EB1EE43E35007E5B5E /* AppDelegate.swift */ = {isa = PBXFileReference; lastKnownFileType = sourcecode.swift; path = AppDelegate.swift; sourceTree = "<group>"; };
		A06251ED1EE43E35007E5B5E /* MainViewController.swift */ = {isa = PBXFileReference; lastKnownFileType = sourcecode.swift; path = MainViewController.swift; sourceTree = "<group>"; };
		A06251F01EE43E35007E5B5E /* Base */ = {isa = PBXFileReference; lastKnownFileType = file.storyboard; name = Base; path = Base.lproj/Main.storyboard; sourceTree = "<group>"; };
		A06251F31EE43E35007E5B5E /* Events.xcdatamodel */ = {isa = PBXFileReference; lastKnownFileType = wrapper.xcdatamodel; path = Events.xcdatamodel; sourceTree = "<group>"; };
		A06251F51EE43E35007E5B5E /* Assets.xcassets */ = {isa = PBXFileReference; lastKnownFileType = folder.assetcatalog; path = Assets.xcassets; sourceTree = "<group>"; };
		A06251F81EE43E35007E5B5E /* Base */ = {isa = PBXFileReference; lastKnownFileType = file.storyboard; name = Base; path = Base.lproj/LaunchScreen.storyboard; sourceTree = "<group>"; };
		A06251FA1EE43E35007E5B5E /* Info.plist */ = {isa = PBXFileReference; lastKnownFileType = text.plist.xml; path = Info.plist; sourceTree = "<group>"; };
		A06252001EE45DEB007E5B5E /* AddViewEventController.swift */ = {isa = PBXFileReference; fileEncoding = 4; lastKnownFileType = sourcecode.swift; path = AddViewEventController.swift; sourceTree = "<group>"; };
		A06252021EE46BF7007E5B5E /* AVEventControllerDelegate.swift */ = {isa = PBXFileReference; fileEncoding = 4; lastKnownFileType = sourcecode.swift; path = AVEventControllerDelegate.swift; sourceTree = "<group>"; };
/* End PBXFileReference section */

/* Begin PBXFrameworksBuildPhase section */
		A06251E51EE43E35007E5B5E /* Frameworks */ = {
			isa = PBXFrameworksBuildPhase;
			buildActionMask = 2147483647;
			files = (
			);
			runOnlyForDeploymentPostprocessing = 0;
		};
/* End PBXFrameworksBuildPhase section */

/* Begin PBXGroup section */
		A06251DF1EE43E35007E5B5E = {
			isa = PBXGroup;
			children = (
				A06251EA1EE43E35007E5B5E /* Events */,
				A06251E91EE43E35007E5B5E /* Products */,
			);
			sourceTree = "<group>";
		};
		A06251E91EE43E35007E5B5E /* Products */ = {
			isa = PBXGroup;
			children = (
				A06251E81EE43E35007E5B5E /* Events.app */,
			);
			name = Products;
			sourceTree = "<group>";
		};
		A06251EA1EE43E35007E5B5E /* Events */ = {
			isa = PBXGroup;
			children = (
				A06251EB1EE43E35007E5B5E /* AppDelegate.swift */,
				A06251ED1EE43E35007E5B5E /* MainViewController.swift */,
				A059557C1EEC27C6004EBB4D /* EventStruct.swift */,
				A06252021EE46BF7007E5B5E /* AVEventControllerDelegate.swift */,
				A06251EF1EE43E35007E5B5E /* Main.storyboard */,
				A06252001EE45DEB007E5B5E /* AddViewEventController.swift */,
				A06251F51EE43E35007E5B5E /* Assets.xcassets */,
				A06251F71EE43E35007E5B5E /* LaunchScreen.storyboard */,
				A06251FA1EE43E35007E5B5E /* Info.plist */,
				A06251F21EE43E35007E5B5E /* Events.xcdatamodeld */,
			);
			path = Events;
			sourceTree = "<group>";
		};
/* End PBXGroup section */

/* Begin PBXNativeTarget section */
		A06251E71EE43E35007E5B5E /* Events */ = {
			isa = PBXNativeTarget;
			buildConfigurationList = A06251FD1EE43E35007E5B5E /* Build configuration list for PBXNativeTarget "Events" */;
			buildPhases = (
				A06251E41EE43E35007E5B5E /* Sources */,
				A06251E51EE43E35007E5B5E /* Frameworks */,
				A06251E61EE43E35007E5B5E /* Resources */,
			);
			buildRules = (
			);
			dependencies = (
			);
			name = Events;
			productName = Events;
			productReference = A06251E81EE43E35007E5B5E /* Events.app */;
			productType = "com.apple.product-type.application";
		};
/* End PBXNativeTarget section */

/* Begin PBXProject section */
		A06251E01EE43E35007E5B5E /* Project object */ = {
			isa = PBXProject;
			attributes = {
				LastSwiftUpdateCheck = 0810;
				LastUpgradeCheck = 0810;
				ORGANIZATIONNAME = "Robert G Tichy";
				TargetAttributes = {
					A06251E71EE43E35007E5B5E = {
						CreatedOnToolsVersion = 8.1;
						DevelopmentTeam = CCNT9VP9NS;
						ProvisioningStyle = Automatic;
					};
				};
			};
			buildConfigurationList = A06251E31EE43E35007E5B5E /* Build configuration list for PBXProject "Events" */;
			compatibilityVersion = "Xcode 3.2";
			developmentRegion = English;
			hasScannedForEncodings = 0;
			knownRegions = (
				en,
				Base,
			);
			mainGroup = A06251DF1EE43E35007E5B5E;
			productRefGroup = A06251E91EE43E35007E5B5E /* Products */;
			projectDirPath = "";
			projectRoot = "";
			targets = (
				A06251E71EE43E35007E5B5E /* Events */,
			);
		};
/* End PBXProject section */

/* Begin PBXResourcesBuildPhase section */
		A06251E61EE43E35007E5B5E /* Resources */ = {
			isa = PBXResourcesBuildPhase;
			buildActionMask = 2147483647;
			files = (
				A06251F91EE43E35007E5B5E /* LaunchScreen.storyboard in Resources */,
				A06251F61EE43E35007E5B5E /* Assets.xcassets in Resources */,
				A06251F11EE43E35007E5B5E /* Main.storyboard in Resources */,
			);
			runOnlyForDeploymentPostprocessing = 0;
		};
/* End PBXResourcesBuildPhase section */

/* Begin PBXSourcesBuildPhase section */
		A06251E41EE43E35007E5B5E /* Sources */ = {
			isa = PBXSourcesBuildPhase;
			buildActionMask = 2147483647;
			files = (
				A06251F41EE43E35007E5B5E /* Events.xcdatamodeld in Sources */,
				A06252011EE45DEB007E5B5E /* AddViewEventController.swift in Sources */,
				A06251EE1EE43E35007E5B5E /* MainViewController.swift in Sources */,
				A059557D1EEC27C6004EBB4D /* EventStruct.swift in Sources */,
				A06252031EE46BF7007E5B5E /* AVEventControllerDelegate.swift in Sources */,
				A06251EC1EE43E35007E5B5E /* AppDelegate.swift in Sources */,
			);
			runOnlyForDeploymentPostprocessing = 0;
		};
/* End PBXSourcesBuildPhase section */

/* Begin PBXVariantGroup section */
		A06251EF1EE43E35007E5B5E /* Main.storyboard */ = {
			isa = PBXVariantGroup;
			children = (
				A06251F01EE43E35007E5B5E /* Base */,
			);
			name = Main.storyboard;
			sourceTree = "<group>";
		};
		A06251F71EE43E35007E5B5E /* LaunchScreen.storyboard */ = {
			isa = PBXVariantGroup;
			children = (
				A06251F81EE43E35007E5B5E /* Base */,
			);
			name = LaunchScreen.storyboard;
			sourceTree = "<group>";
		};
/* End PBXVariantGroup section */

/* Begin XCBuildConfiguration section */
		A06251FB1EE43E35007E5B5E /* Debug */ = {
			isa = XCBuildConfiguration;
			buildSettings = {
				ALWAYS_SEARCH_USER_PATHS = NO;
				CLANG_ANALYZER_NONNULL = YES;
				CLANG_CXX_LANGUAGE_STANDARD = "gnu++0x";
				CLANG_CXX_LIBRARY = "libc++";
				CLANG_ENABLE_MODULES = YES;
				CLANG_ENABLE_OBJC_ARC = YES;
				CLANG_WARN_BOOL_CONVERSION = YES;
				CLANG_WARN_CONSTANT_CONVERSION = YES;
				CLANG_WARN_DIRECT_OBJC_ISA_USAGE = YES_ERROR;
				CLANG_WARN_DOCUMENTATION_COMMENTS = YES;
				CLANG_WARN_EMPTY_BODY = YES;
				CLANG_WARN_ENUM_CONVERSION = YES;
				CLANG_WARN_INFINITE_RECURSION = YES;
				CLANG_WARN_INT_CONVERSION = YES;
				CLANG_WARN_OBJC_ROOT_CLASS = YES_ERROR;
				CLANG_WARN_SUSPICIOUS_MOVES = YES;
				CLANG_WARN_UNREACHABLE_CODE = YES;
				CLANG_WARN__DUPLICATE_METHOD_MATCH = YES;
				"CODE_SIGN_IDENTITY[sdk=iphoneos*]" = "iPhone Developer";
				COPY_PHASE_STRIP = NO;
				DEBUG_INFORMATION_FORMAT = dwarf;
				ENABLE_STRICT_OBJC_MSGSEND = YES;
				ENABLE_TESTABILITY = YES;
				GCC_C_LANGUAGE_STANDARD = gnu99;
				GCC_DYNAMIC_NO_PIC = NO;
				GCC_NO_COMMON_BLOCKS = YES;
				GCC_OPTIMIZATION_LEVEL = 0;
				GCC_PREPROCESSOR_DEFINITIONS = (
					"DEBUG=1",
					"$(inherited)",
				);
				GCC_WARN_64_TO_32_BIT_CONVERSION = YES;
				GCC_WARN_ABOUT_RETURN_TYPE = YES_ERROR;
				GCC_WARN_UNDECLARED_SELECTOR = YES;
				GCC_WARN_UNINITIALIZED_AUTOS = YES_AGGRESSIVE;
				GCC_WARN_UNUSED_FUNCTION = YES;
				GCC_WARN_UNUSED_VARIABLE = YES;
				IPHONEOS_DEPLOYMENT_TARGET = 10.1;
				MTL_ENABLE_DEBUG_INFO = YES;
				ONLY_ACTIVE_ARCH = YES;
				SDKROOT = iphoneos;
				SWIFT_ACTIVE_COMPILATION_CONDITIONS = DEBUG;
				SWIFT_OPTIMIZATION_LEVEL = "-Onone";
				TARGETED_DEVICE_FAMILY = "1,2";
			};
			name = Debug;
		};
		A06251FC1EE43E35007E5B5E /* Release */ = {
			isa = XCBuildConfiguration;
			buildSettings = {
				ALWAYS_SEARCH_USER_PATHS = NO;
				CLANG_ANALYZER_NONNULL = YES;
				CLANG_CXX_LANGUAGE_STANDARD = "gnu++0x";
				CLANG_CXX_LIBRARY = "libc++";
				CLANG_ENABLE_MODULES = YES;
				CLANG_ENABLE_OBJC_ARC = YES;
				CLANG_WARN_BOOL_CONVERSION = YES;
				CLANG_WARN_CONSTANT_CONVERSION = YES;
				CLANG_WARN_DIRECT_OBJC_ISA_USAGE = YES_ERROR;
				CLANG_WARN_DOCUMENTATION_COMMENTS = YES;
				CLANG_WARN_EMPTY_BODY = YES;
				CLANG_WARN_ENUM_CONVERSION = YES;
				CLANG_WARN_INFINITE_RECURSION = YES;
				CLANG_WARN_INT_CONVERSION = YES;
				CLANG_WARN_OBJC_ROOT_CLASS = YES_ERROR;
				CLANG_WARN_SUSPICIOUS_MOVES = YES;
				CLANG_WARN_UNREACHABLE_CODE = YES;
				CLANG_WARN__DUPLICATE_METHOD_MATCH = YES;
				"CODE_SIGN_IDENTITY[sdk=iphoneos*]" = "iPhone Developer";
				COPY_PHASE_STRIP = NO;
				DEBUG_INFORMATION_FORMAT = "dwarf-with-dsym";
				ENABLE_NS_ASSERTIONS = NO;
				ENABLE_STRICT_OBJC_MSGSEND = YES;
				GCC_C_LANGUAGE_STANDARD = gnu99;
				GCC_NO_COMMON_BLOCKS = YES;
				GCC_WARN_64_TO_32_BIT_CONVERSION = YES;
				GCC_WARN_ABOUT_RETURN_TYPE = YES_ERROR;
				GCC_WARN_UNDECLARED_SELECTOR = YES;
				GCC_WARN_UNINITIALIZED_AUTOS = YES_AGGRESSIVE;
				GCC_WARN_UNUSED_FUNCTION = YES;
				GCC_WARN_UNUSED_VARIABLE = YES;
				IPHONEOS_DEPLOYMENT_TARGET = 10.1;
				MTL_ENABLE_DEBUG_INFO = NO;
				SDKROOT = iphoneos;
				SWIFT_OPTIMIZATION_LEVEL = "-Owholemodule";
				TARGETED_DEVICE_FAMILY = "1,2";
				VALIDATE_PRODUCT = YES;
			};
			name = Release;
		};
		A06251FE1EE43E35007E5B5E /* Debug */ = {
			isa = XCBuildConfiguration;
			buildSettings = {
				ASSETCATALOG_COMPILER_APPICON_NAME = AppIcon;
				DEVELOPMENT_TEAM = CCNT9VP9NS;
				INFOPLIST_FILE = Events/Info.plist;
				LD_RUNPATH_SEARCH_PATHS = "$(inherited) @executable_path/Frameworks";
				PRODUCT_BUNDLE_IDENTIFIER = "Grupo-Tichy-LLC.Events";
				PRODUCT_NAME = "$(TARGET_NAME)";
				SWIFT_VERSION = 3.0;
			};
			name = Debug;
		};
		A06251FF1EE43E35007E5B5E /* Release */ = {
			isa = XCBuildConfiguration;
			buildSettings = {
				ASSETCATALOG_COMPILER_APPICON_NAME = AppIcon;
				DEVELOPMENT_TEAM = CCNT9VP9NS;
				INFOPLIST_FILE = Events/Info.plist;
				LD_RUNPATH_SEARCH_PATHS = "$(inherited) @executable_path/Frameworks";
				PRODUCT_BUNDLE_IDENTIFIER = "Grupo-Tichy-LLC.Events";
				PRODUCT_NAME = "$(TARGET_NAME)";
				SWIFT_VERSION = 3.0;
			};
			name = Release;
		};
/* End XCBuildConfiguration section */

/* Begin XCConfigurationList section */
		A06251E31EE43E35007E5B5E /* Build configuration list for PBXProject "Events" */ = {
			isa = XCConfigurationList;
			buildConfigurations = (
				A06251FB1EE43E35007E5B5E /* Debug */,
				A06251FC1EE43E35007E5B5E /* Release */,
			);
			defaultConfigurationIsVisible = 0;
			defaultConfigurationName = Release;
		};
		A06251FD1EE43E35007E5B5E /* Build configuration list for PBXNativeTarget "Events" */ = {
			isa = XCConfigurationList;
			buildConfigurations = (
				A06251FE1EE43E35007E5B5E /* Debug */,
				A06251FF1EE43E35007E5B5E /* Release */,
			);
			defaultConfigurationIsVisible = 0;
			defaultConfigurationName = Release;
		};
/* End XCConfigurationList section */

/* Begin XCVersionGroup section */
		A06251F21EE43E35007E5B5E /* Events.xcdatamodeld */ = {
			isa = XCVersionGroup;
			children = (
				A06251F31EE43E35007E5B5E /* Events.xcdatamodel */,
			);
			currentVersion = A06251F31EE43E35007E5B5E /* Events.xcdatamodel */;
			path = Events.xcdatamodeld;
			sourceTree = "<group>";
			versionGroupType = wrapper.xcdatamodel;
		};
/* End XCVersionGroup section */
	};
	rootObject = A06251E01EE43E35007E5B5E /* Project object */;
}
